
Microsoft Visual Studio Solution File, Format Version 12.00
# Visual Studio 15
VisualStudioVersion = 15.0.28307.421
MinimumVisualStudioVersion = 10.0.40219.1
Project("{FAE04EC0-301F-11D3-BF4B-00C04F79EFBC}") = "FetchDataApi", "FetchDataApi\FetchDataApi.csproj", "{09D92471-0550-44EE-ABB9-184B23F25C56}"
EndProject
Global
	GlobalSection(SolutionConfigurationPlatforms) = preSolution
		Debug|Any CPU = Debug|Any CPU
		Release|Any CPU = Release|Any CPU
	EndGlobalSection
	GlobalSection(ProjectConfigurationPlatforms) = postSolution
		{09D92471-0550-44EE-ABB9-184B23F25C56}.Debug|Any CPU.ActiveCfg = Debug|Any CPU
		{09D92471-0550-44EE-ABB9-184B23F25C56}.Debug|Any CPU.Build.0 = Debug|Any CPU
		{09D92471-0550-44EE-ABB9-184B23F25C56}.Release|Any CPU.ActiveCfg = Release|Any CPU
		{09D92471-0550-44EE-ABB9-184B23F25C56}.Release|Any CPU.Build.0 = Release|Any CPU
	EndGlobalSection
	GlobalSection(SolutionProperties) = preSolution
		HideSolutionNode = FALSE
	EndGlobalSection
	GlobalSection(ExtensibilityGlobals) = postSolution
		SolutionGuid = {2C84BBCE-9AE7-4436-9BC8-737AC2C2F7F9}
	EndGlobalSection
EndGlobal
